
Microsoft Visual Studio Solution File, Format Version 12.00
# Visual Studio Version 16
VisualStudioVersion = 16.0.31410.357
MinimumVisualStudioVersion = 10.0.40219.1
Project("{FAE04EC0-301F-11D3-BF4B-00C04F79EFBC}") = "TUBES_KPL", "TUBES_KPL\TUBES_KPL.csproj", "{AF447966-0002-4D09-A222-67E6D8A81A8E}"
EndProject
Global
	GlobalSection(SolutionConfigurationPlatforms) = preSolution
		Debug|Any CPU = Debug|Any CPU
		Release|Any CPU = Release|Any CPU
	EndGlobalSection
	GlobalSection(ProjectConfigurationPlatforms) = postSolution
		{AF447966-0002-4D09-A222-67E6D8A81A8E}.Debug|Any CPU.ActiveCfg = Debug|Any CPU
		{AF447966-0002-4D09-A222-67E6D8A81A8E}.Debug|Any CPU.Build.0 = Debug|Any CPU
		{AF447966-0002-4D09-A222-67E6D8A81A8E}.Release|Any CPU.ActiveCfg = Release|Any CPU
		{AF447966-0002-4D09-A222-67E6D8A81A8E}.Release|Any CPU.Build.0 = Release|Any CPU
	EndGlobalSection
	GlobalSection(SolutionProperties) = preSolution
		HideSolutionNode = FALSE
	EndGlobalSection
	GlobalSection(ExtensibilityGlobals) = postSolution
		SolutionGuid = {6E6A50A7-1CF7-4367-9795-4B1DEB02E0D3}
	EndGlobalSection
EndGlobal
